
Microsoft Visual Studio Solution File, Format Version 12.00
# Visual Studio 15
VisualStudioVersion = 15.0.27130.2010
MinimumVisualStudioVersion = 10.0.40219.1
Project("{FAE04EC0-301F-11D3-BF4B-00C04F79EFBC}") = "AplicativoFIAP.Android", "AplicativoFIAP\AplicativoFIAP.Android\AplicativoFIAP.Android.csproj", "{32D12D6D-52F9-4DF7-8A4D-A28F101B9CBB}"
EndProject
Project("{FAE04EC0-301F-11D3-BF4B-00C04F79EFBC}") = "AplicativoFIAP.iOS", "AplicativoFIAP\AplicativoFIAP.iOS\AplicativoFIAP.iOS.csproj", "{925CF3EB-A58B-4023-9AA8-E3284E673B22}"
EndProject
Project("{FAE04EC0-301F-11D3-BF4B-00C04F79EFBC}") = "AplicativoFIAP.UWP", "AplicativoFIAP\AplicativoFIAP.UWP\AplicativoFIAP.UWP.csproj", "{4F41F5F5-F68D-4942-8281-B31FFE820624}"
EndProject
Project("{FAE04EC0-301F-11D3-BF4B-00C04F79EFBC}") = "AplicativoFIAP", "AplicativoFIAP\AplicativoFIAP\AplicativoFIAP.csproj", "{93296814-F850-4F0E-9D02-080A8F0FF71B}"
EndProject
Global
	GlobalSection(SolutionConfigurationPlatforms) = preSolution
		Ad-Hoc|Any CPU = Ad-Hoc|Any CPU
		Ad-Hoc|ARM = Ad-Hoc|ARM
		Ad-Hoc|iPhone = Ad-Hoc|iPhone
		Ad-Hoc|iPhoneSimulator = Ad-Hoc|iPhoneSimulator
		Ad-Hoc|x64 = Ad-Hoc|x64
		Ad-Hoc|x86 = Ad-Hoc|x86
		AppStore|Any CPU = AppStore|Any CPU
		AppStore|ARM = AppStore|ARM
		AppStore|iPhone = AppStore|iPhone
		AppStore|iPhoneSimulator = AppStore|iPhoneSimulator
		AppStore|x64 = AppStore|x64
		AppStore|x86 = AppStore|x86
		Debug|Any CPU = Debug|Any CPU
		Debug|ARM = Debug|ARM
		Debug|iPhone = Debug|iPhone
		Debug|iPhoneSimulator = Debug|iPhoneSimulator
		Debug|x64 = Debug|x64
		Debug|x86 = Debug|x86
		Release|Any CPU = Release|Any CPU
		Release|ARM = Release|ARM
		Release|iPhone = Release|iPhone
		Release|iPhoneSimulator = Release|iPhoneSimulator
		Release|x64 = Release|x64
		Release|x86 = Release|x86
	EndGlobalSection
	GlobalSection(ProjectConfigurationPlatforms) = postSolution
		{32D12D6D-52F9-4DF7-8A4D-A28F101B9CBB}.Ad-Hoc|Any CPU.ActiveCfg = Release|Any CPU
		{32D12D6D-52F9-4DF7-8A4D-A28F101B9CBB}.Ad-Hoc|Any CPU.Build.0 = Release|Any CPU
		{32D12D6D-52F9-4DF7-8A4D-A28F101B9CBB}.Ad-Hoc|Any CPU.Deploy.0 = Release|Any CPU
		{32D12D6D-52F9-4DF7-8A4D-A28F101B9CBB}.Ad-Hoc|ARM.ActiveCfg = Release|Any CPU
		{32D12D6D-52F9-4DF7-8A4D-A28F101B9CBB}.Ad-Hoc|ARM.Build.0 = Release|Any CPU
		{32D12D6D-52F9-4DF7-8A4D-A28F101B9CBB}.Ad-Hoc|ARM.Deploy.0 = Release|Any CPU
		{32D12D6D-52F9-4DF7-8A4D-A28F101B9CBB}.Ad-Hoc|iPhone.ActiveCfg = Release|Any CPU
		{32D12D6D-52F9-4DF7-8A4D-A28F101B9CBB}.Ad-Hoc|iPhone.Build.0 = Release|Any CPU
		{32D12D6D-52F9-4DF7-8A4D-A28F101B9CBB}.Ad-Hoc|iPhone.Deploy.0 = Release|Any CPU
		{32D12D6D-52F9-4DF7-8A4D-A28F101B9CBB}.Ad-Hoc|iPhoneSimulator.ActiveCfg = Release|Any CPU
		{32D12D6D-52F9-4DF7-8A4D-A28F101B9CBB}.Ad-Hoc|iPhoneSimulator.Build.0 = Release|Any CPU
		{32D12D6D-52F9-4DF7-8A4D-A28F101B9CBB}.Ad-Hoc|iPhoneSimulator.Deploy.0 = Release|Any CPU
		{32D12D6D-52F9-4DF7-8A4D-A28F101B9CBB}.Ad-Hoc|x64.ActiveCfg = Release|Any CPU
		{32D12D6D-52F9-4DF7-8A4D-A28F101B9CBB}.Ad-Hoc|x64.Build.0 = Release|Any CPU
		{32D12D6D-52F9-4DF7-8A4D-A28F101B9CBB}.Ad-Hoc|x64.Deploy.0 = Release|Any CPU
		{32D12D6D-52F9-4DF7-8A4D-A28F101B9CBB}.Ad-Hoc|x86.ActiveCfg = Release|Any CPU
		{32D12D6D-52F9-4DF7-8A4D-A28F101B9CBB}.Ad-Hoc|x86.Build.0 = Release|Any CPU
		{32D12D6D-52F9-4DF7-8A4D-A28F101B9CBB}.Ad-Hoc|x86.Deploy.0 = Release|Any CPU
		{32D12D6D-52F9-4DF7-8A4D-A28F101B9CBB}.AppStore|Any CPU.ActiveCfg = Release|Any CPU
		{32D12D6D-52F9-4DF7-8A4D-A28F101B9CBB}.AppStore|Any CPU.Build.0 = Release|Any CPU
		{32D12D6D-52F9-4DF7-8A4D-A28F101B9CBB}.AppStore|Any CPU.Deploy.0 = Release|Any CPU
		{32D12D6D-52F9-4DF7-8A4D-A28F101B9CBB}.AppStore|ARM.ActiveCfg = Release|Any CPU
		{32D12D6D-52F9-4DF7-8A4D-A28F101B9CBB}.AppStore|ARM.Build.0 = Release|Any CPU
		{32D12D6D-52F9-4DF7-8A4D-A28F101B9CBB}.AppStore|ARM.Deploy.0 = Release|Any CPU
		{32D12D6D-52F9-4DF7-8A4D-A28F101B9CBB}.AppStore|iPhone.ActiveCfg = Release|Any CPU
		{32D12D6D-52F9-4DF7-8A4D-A28F101B9CBB}.AppStore|iPhone.Build.0 = Release|Any CPU
		{32D12D6D-52F9-4DF7-8A4D-A28F101B9CBB}.AppStore|iPhone.Deploy.0 = Release|Any CPU
		{32D12D6D-52F9-4DF7-8A4D-A28F101B9CBB}.AppStore|iPhoneSimulator.ActiveCfg = Release|Any CPU
		{32D12D6D-52F9-4DF7-8A4D-A28F101B9CBB}.AppStore|iPhoneSimulator.Build.0 = Release|Any CPU
		{32D12D6D-52F9-4DF7-8A4D-A28F101B9CBB}.AppStore|iPhoneSimulator.Deploy.0 = Release|Any CPU
		{32D12D6D-52F9-4DF7-8A4D-A28F101B9CBB}.AppStore|x64.ActiveCfg = Release|Any CPU
		{32D12D6D-52F9-4DF7-8A4D-A28F101B9CBB}.AppStore|x64.Build.0 = Release|Any CPU
		{32D12D6D-52F9-4DF7-8A4D-A28F101B9CBB}.AppStore|x64.Deploy.0 = Release|Any CPU
		{32D12D6D-52F9-4DF7-8A4D-A28F101B9CBB}.AppStore|x86.ActiveCfg = Release|Any CPU
		{32D12D6D-52F9-4DF7-8A4D-A28F101B9CBB}.AppStore|x86.Build.0 = Release|Any CPU
		{32D12D6D-52F9-4DF7-8A4D-A28F101B9CBB}.AppStore|x86.Deploy.0 = Release|Any CPU
		{32D12D6D-52F9-4DF7-8A4D-A28F101B9CBB}.Debug|Any CPU.ActiveCfg = Debug|Any CPU
		{32D12D6D-52F9-4DF7-8A4D-A28F101B9CBB}.Debug|Any CPU.Build.0 = Debug|Any CPU
		{32D12D6D-52F9-4DF7-8A4D-A28F101B9CBB}.Debug|Any CPU.Deploy.0 = Debug|Any CPU
		{32D12D6D-52F9-4DF7-8A4D-A28F101B9CBB}.Debug|ARM.ActiveCfg = Debug|Any CPU
		{32D12D6D-52F9-4DF7-8A4D-A28F101B9CBB}.Debug|ARM.Build.0 = Debug|Any CPU
		{32D12D6D-52F9-4DF7-8A4D-A28F101B9CBB}.Debug|ARM.Deploy.0 = Debug|Any CPU
		{32D12D6D-52F9-4DF7-8A4D-A28F101B9CBB}.Debug|iPhone.ActiveCfg = Debug|Any CPU
		{32D12D6D-52F9-4DF7-8A4D-A28F101B9CBB}.Debug|iPhone.Build.0 = Debug|Any CPU
		{32D12D6D-52F9-4DF7-8A4D-A28F101B9CBB}.Debug|iPhone.Deploy.0 = Debug|Any CPU
		{32D12D6D-52F9-4DF7-8A4D-A28F101B9CBB}.Debug|iPhoneSimulator.ActiveCfg = Debug|Any CPU
		{32D12D6D-52F9-4DF7-8A4D-A28F101B9CBB}.Debug|iPhoneSimulator.Build.0 = Debug|Any CPU
		{32D12D6D-52F9-4DF7-8A4D-A28F101B9CBB}.Debug|iPhoneSimulator.Deploy.0 = Debug|Any CPU
		{32D12D6D-52F9-4DF7-8A4D-A28F101B9CBB}.Debug|x64.ActiveCfg = Debug|Any CPU
		{32D12D6D-52F9-4DF7-8A4D-A28F101B9CBB}.Debug|x64.Build.0 = Debug|Any CPU
		{32D12D6D-52F9-4DF7-8A4D-A28F101B9CBB}.Debug|x64.Deploy.0 = Debug|Any CPU
		{32D12D6D-52F9-4DF7-8A4D-A28F101B9CBB}.Debug|x86.ActiveCfg = Debug|Any CPU
		{32D12D6D-52F9-4DF7-8A4D-A28F101B9CBB}.Debug|x86.Build.0 = Debug|Any CPU
		{32D12D6D-52F9-4DF7-8A4D-A28F101B9CBB}.Debug|x86.Deploy.0 = Debug|Any CPU
		{32D12D6D-52F9-4DF7-8A4D-A28F101B9CBB}.Release|Any CPU.ActiveCfg = Release|Any CPU
		{32D12D6D-52F9-4DF7-8A4D-A28F101B9CBB}.Release|Any CPU.Build.0 = Release|Any CPU
		{32D12D6D-52F9-4DF7-8A4D-A28F101B9CBB}.Release|Any CPU.Deploy.0 = Release|Any CPU
		{32D12D6D-52F9-4DF7-8A4D-A28F101B9CBB}.Release|ARM.ActiveCfg = Release|Any CPU
		{32D12D6D-52F9-4DF7-8A4D-A28F101B9CBB}.Release|ARM.Build.0 = Release|Any CPU
		{32D12D6D-52F9-4DF7-8A4D-A28F101B9CBB}.Release|ARM.Deploy.0 = Release|Any CPU
		{32D12D6D-52F9-4DF7-8A4D-A28F101B9CBB}.Release|iPhone.ActiveCfg = Release|Any CPU
		{32D12D6D-52F9-4DF7-8A4D-A28F101B9CBB}.Release|iPhone.Build.0 = Release|Any CPU
		{32D12D6D-52F9-4DF7-8A4D-A28F101B9CBB}.Release|iPhone.Deploy.0 = Release|Any CPU
		{32D12D6D-52F9-4DF7-8A4D-A28F101B9CBB}.Release|iPhoneSimulator.ActiveCfg = Release|Any CPU
		{32D12D6D-52F9-4DF7-8A4D-A28F101B9CBB}.Release|iPhoneSimulator.Build.0 = Release|Any CPU
		{32D12D6D-52F9-4DF7-8A4D-A28F101B9CBB}.Release|iPhoneSimulator.Deploy.0 = Release|Any CPU
		{32D12D6D-52F9-4DF7-8A4D-A28F101B9CBB}.Release|x64.ActiveCfg = Release|Any CPU
		{32D12D6D-52F9-4DF7-8A4D-A28F101B9CBB}.Release|x64.Build.0 = Release|Any CPU
		{32D12D6D-52F9-4DF7-8A4D-A28F101B9CBB}.Release|x64.Deploy.0 = Release|Any CPU
		{32D12D6D-52F9-4DF7-8A4D-A28F101B9CBB}.Release|x86.ActiveCfg = Release|Any CPU
		{32D12D6D-52F9-4DF7-8A4D-A28F101B9CBB}.Release|x86.Build.0 = Release|Any CPU
		{32D12D6D-52F9-4DF7-8A4D-A28F101B9CBB}.Release|x86.Deploy.0 = Release|Any CPU
		{925CF3EB-A58B-4023-9AA8-E3284E673B22}.Ad-Hoc|Any CPU.ActiveCfg = Ad-Hoc|iPhone
		{925CF3EB-A58B-4023-9AA8-E3284E673B22}.Ad-Hoc|ARM.ActiveCfg = Ad-Hoc|iPhone
		{925CF3EB-A58B-4023-9AA8-E3284E673B22}.Ad-Hoc|iPhone.ActiveCfg = Ad-Hoc|iPhone
		{925CF3EB-A58B-4023-9AA8-E3284E673B22}.Ad-Hoc|iPhone.Build.0 = Ad-Hoc|iPhone
		{925CF3EB-A58B-4023-9AA8-E3284E673B22}.Ad-Hoc|iPhoneSimulator.ActiveCfg = Ad-Hoc|iPhoneSimulator
		{925CF3EB-A58B-4023-9AA8-E3284E673B22}.Ad-Hoc|iPhoneSimulator.Build.0 = Ad-Hoc|iPhoneSimulator
		{925CF3EB-A58B-4023-9AA8-E3284E673B22}.Ad-Hoc|x64.ActiveCfg = Ad-Hoc|iPhone
		{925CF3EB-A58B-4023-9AA8-E3284E673B22}.Ad-Hoc|x86.ActiveCfg = Ad-Hoc|iPhone
		{925CF3EB-A58B-4023-9AA8-E3284E673B22}.AppStore|Any CPU.ActiveCfg = AppStore|iPhone
		{925CF3EB-A58B-4023-9AA8-E3284E673B22}.AppStore|ARM.ActiveCfg = AppStore|iPhone
		{925CF3EB-A58B-4023-9AA8-E3284E673B22}.AppStore|iPhone.ActiveCfg = AppStore|iPhone
		{925CF3EB-A58B-4023-9AA8-E3284E673B22}.AppStore|iPhone.Build.0 = AppStore|iPhone
		{925CF3EB-A58B-4023-9AA8-E3284E673B22}.AppStore|iPhoneSimulator.ActiveCfg = AppStore|iPhoneSimulator
		{925CF3EB-A58B-4023-9AA8-E3284E673B22}.AppStore|iPhoneSimulator.Build.0 = AppStore|iPhoneSimulator
		{925CF3EB-A58B-4023-9AA8-E3284E673B22}.AppStore|x64.ActiveCfg = AppStore|iPhone
		{925CF3EB-A58B-4023-9AA8-E3284E673B22}.AppStore|x86.ActiveCfg = AppStore|iPhone
		{925CF3EB-A58B-4023-9AA8-E3284E673B22}.Debug|Any CPU.ActiveCfg = Debug|iPhone
		{925CF3EB-A58B-4023-9AA8-E3284E673B22}.Debug|ARM.ActiveCfg = Debug|iPhone
		{925CF3EB-A58B-4023-9AA8-E3284E673B22}.Debug|iPhone.ActiveCfg = Debug|iPhone
		{925CF3EB-A58B-4023-9AA8-E3284E673B22}.Debug|iPhone.Build.0 = Debug|iPhone
		{925CF3EB-A58B-4023-9AA8-E3284E673B22}.Debug|iPhoneSimulator.ActiveCfg = Debug|iPhoneSimulator
		{925CF3EB-A58B-4023-9AA8-E3284E673B22}.Debug|iPhoneSimulator.Build.0 = Debug|iPhoneSimulator
		{925CF3EB-A58B-4023-9AA8-E3284E673B22}.Debug|x64.ActiveCfg = Debug|iPhone
		{925CF3EB-A58B-4023-9AA8-E3284E673B22}.Debug|x86.ActiveCfg = Debug|iPhone
		{925CF3EB-A58B-4023-9AA8-E3284E673B22}.Release|Any CPU.ActiveCfg = Release|iPhone
		{925CF3EB-A58B-4023-9AA8-E3284E673B22}.Release|ARM.ActiveCfg = Release|iPhone
		{925CF3EB-A58B-4023-9AA8-E3284E673B22}.Release|iPhone.ActiveCfg = Release|iPhone
		{925CF3EB-A58B-4023-9AA8-E3284E673B22}.Release|iPhone.Build.0 = Release|iPhone
		{925CF3EB-A58B-4023-9AA8-E3284E673B22}.Release|iPhoneSimulator.ActiveCfg = Release|iPhoneSimulator
		{925CF3EB-A58B-4023-9AA8-E3284E673B22}.Release|iPhoneSimulator.Build.0 = Release|iPhoneSimulator
		{925CF3EB-A58B-4023-9AA8-E3284E673B22}.Release|x64.ActiveCfg = Release|iPhone
		{925CF3EB-A58B-4023-9AA8-E3284E673B22}.Release|x86.ActiveCfg = Release|iPhone
		{4F41F5F5-F68D-4942-8281-B31FFE820624}.Ad-Hoc|Any CPU.ActiveCfg = Release|x86
		{4F41F5F5-F68D-4942-8281-B31FFE820624}.Ad-Hoc|Any CPU.Build.0 = Release|x86
		{4F41F5F5-F68D-4942-8281-B31FFE820624}.Ad-Hoc|Any CPU.Deploy.0 = Release|x86
		{4F41F5F5-F68D-4942-8281-B31FFE820624}.Ad-Hoc|ARM.ActiveCfg = Release|ARM
		{4F41F5F5-F68D-4942-8281-B31FFE820624}.Ad-Hoc|ARM.Build.0 = Release|ARM
		{4F41F5F5-F68D-4942-8281-B31FFE820624}.Ad-Hoc|ARM.Deploy.0 = Release|ARM
		{4F41F5F5-F68D-4942-8281-B31FFE820624}.Ad-Hoc|iPhone.ActiveCfg = Release|x86
		{4F41F5F5-F68D-4942-8281-B31FFE820624}.Ad-Hoc|iPhone.Build.0 = Release|x86
		{4F41F5F5-F68D-4942-8281-B31FFE820624}.Ad-Hoc|iPhone.Deploy.0 = Release|x86
		{4F41F5F5-F68D-4942-8281-B31FFE820624}.Ad-Hoc|iPhoneSimulator.ActiveCfg = Release|x86
		{4F41F5F5-F68D-4942-8281-B31FFE820624}.Ad-Hoc|iPhoneSimulator.Build.0 = Release|x86
		{4F41F5F5-F68D-4942-8281-B31FFE820624}.Ad-Hoc|iPhoneSimulator.Deploy.0 = Release|x86
		{4F41F5F5-F68D-4942-8281-B31FFE820624}.Ad-Hoc|x64.ActiveCfg = Release|x64
		{4F41F5F5-F68D-4942-8281-B31FFE820624}.Ad-Hoc|x64.Build.0 = Release|x64
		{4F41F5F5-F68D-4942-8281-B31FFE820624}.Ad-Hoc|x64.Deploy.0 = Release|x64
		{4F41F5F5-F68D-4942-8281-B31FFE820624}.Ad-Hoc|x86.ActiveCfg = Release|x86
		{4F41F5F5-F68D-4942-8281-B31FFE820624}.Ad-Hoc|x86.Build.0 = Release|x86
		{4F41F5F5-F68D-4942-8281-B31FFE820624}.Ad-Hoc|x86.Deploy.0 = Release|x86
		{4F41F5F5-F68D-4942-8281-B31FFE820624}.AppStore|Any CPU.ActiveCfg = Release|x86
		{4F41F5F5-F68D-4942-8281-B31FFE820624}.AppStore|Any CPU.Build.0 = Release|x86
		{4F41F5F5-F68D-4942-8281-B31FFE820624}.AppStore|Any CPU.Deploy.0 = Release|x86
		{4F41F5F5-F68D-4942-8281-B31FFE820624}.AppStore|ARM.ActiveCfg = Release|ARM
		{4F41F5F5-F68D-4942-8281-B31FFE820624}.AppStore|ARM.Build.0 = Release|ARM
		{4F41F5F5-F68D-4942-8281-B31FFE820624}.AppStore|ARM.Deploy.0 = Release|ARM
		{4F41F5F5-F68D-4942-8281-B31FFE820624}.AppStore|iPhone.ActiveCfg = Release|x86
		{4F41F5F5-F68D-4942-8281-B31FFE820624}.AppStore|iPhone.Build.0 = Release|x86
		{4F41F5F5-F68D-4942-8281-B31FFE820624}.AppStore|iPhone.Deploy.0 = Release|x86
		{4F41F5F5-F68D-4942-8281-B31FFE820624}.AppStore|iPhoneSimulator.ActiveCfg = Release|x86
		{4F41F5F5-F68D-4942-8281-B31FFE820624}.AppStore|iPhoneSimulator.Build.0 = Release|x86
		{4F41F5F5-F68D-4942-8281-B31FFE820624}.AppStore|iPhoneSimulator.Deploy.0 = Release|x86
		{4F41F5F5-F68D-4942-8281-B31FFE820624}.AppStore|x64.ActiveCfg = Release|x64
		{4F41F5F5-F68D-4942-8281-B31FFE820624}.AppStore|x64.Build.0 = Release|x64
		{4F41F5F5-F68D-4942-8281-B31FFE820624}.AppStore|x64.Deploy.0 = Release|x64
		{4F41F5F5-F68D-4942-8281-B31FFE820624}.AppStore|x86.ActiveCfg = Release|x86
		{4F41F5F5-F68D-4942-8281-B31FFE820624}.AppStore|x86.Build.0 = Release|x86
		{4F41F5F5-F68D-4942-8281-B31FFE820624}.AppStore|x86.Deploy.0 = Release|x86
		{4F41F5F5-F68D-4942-8281-B31FFE820624}.Debug|Any CPU.ActiveCfg = Debug|x86
		{4F41F5F5-F68D-4942-8281-B31FFE820624}.Debug|ARM.ActiveCfg = Debug|ARM
		{4F41F5F5-F68D-4942-8281-B31FFE820624}.Debug|ARM.Build.0 = Debug|ARM
		{4F41F5F5-F68D-4942-8281-B31FFE820624}.Debug|ARM.Deploy.0 = Debug|ARM
		{4F41F5F5-F68D-4942-8281-B31FFE820624}.Debug|iPhone.ActiveCfg = Debug|x86
		{4F41F5F5-F68D-4942-8281-B31FFE820624}.Debug|iPhoneSimulator.ActiveCfg = Debug|x86
		{4F41F5F5-F68D-4942-8281-B31FFE820624}.Debug|x64.ActiveCfg = Debug|x64
		{4F41F5F5-F68D-4942-8281-B31FFE820624}.Debug|x64.Build.0 = Debug|x64
		{4F41F5F5-F68D-4942-8281-B31FFE820624}.Debug|x64.Deploy.0 = Debug|x64
		{4F41F5F5-F68D-4942-8281-B31FFE820624}.Debug|x86.ActiveCfg = Debug|x86
		{4F41F5F5-F68D-4942-8281-B31FFE820624}.Debug|x86.Build.0 = Debug|x86
		{4F41F5F5-F68D-4942-8281-B31FFE820624}.Debug|x86.Deploy.0 = Debug|x86
		{4F41F5F5-F68D-4942-8281-B31FFE820624}.Release|Any CPU.ActiveCfg = Release|x86
		{4F41F5F5-F68D-4942-8281-B31FFE820624}.Release|ARM.ActiveCfg = Release|ARM
		{4F41F5F5-F68D-4942-8281-B31FFE820624}.Release|ARM.Build.0 = Release|ARM
		{4F41F5F5-F68D-4942-8281-B31FFE820624}.Release|ARM.Deploy.0 = Release|ARM
		{4F41F5F5-F68D-4942-8281-B31FFE820624}.Release|iPhone.ActiveCfg = Release|x86
		{4F41F5F5-F68D-4942-8281-B31FFE820624}.Release|iPhoneSimulator.ActiveCfg = Release|x86
		{4F41F5F5-F68D-4942-8281-B31FFE820624}.Release|x64.ActiveCfg = Release|x64
		{4F41F5F5-F68D-4942-8281-B31FFE820624}.Release|x64.Build.0 = Release|x64
		{4F41F5F5-F68D-4942-8281-B31FFE820624}.Release|x64.Deploy.0 = Release|x64
		{4F41F5F5-F68D-4942-8281-B31FFE820624}.Release|x86.ActiveCfg = Release|x86
		{4F41F5F5-F68D-4942-8281-B31FFE820624}.Release|x86.Build.0 = Release|x86
		{4F41F5F5-F68D-4942-8281-B31FFE820624}.Release|x86.Deploy.0 = Release|x86
		{93296814-F850-4F0E-9D02-080A8F0FF71B}.Ad-Hoc|Any CPU.ActiveCfg = Debug|Any CPU
		{93296814-F850-4F0E-9D02-080A8F0FF71B}.Ad-Hoc|Any CPU.Build.0 = Debug|Any CPU
		{93296814-F850-4F0E-9D02-080A8F0FF71B}.Ad-Hoc|ARM.ActiveCfg = Debug|Any CPU
		{93296814-F850-4F0E-9D02-080A8F0FF71B}.Ad-Hoc|ARM.Build.0 = Debug|Any CPU
		{93296814-F850-4F0E-9D02-080A8F0FF71B}.Ad-Hoc|iPhone.ActiveCfg = Debug|Any CPU
		{93296814-F850-4F0E-9D02-080A8F0FF71B}.Ad-Hoc|iPhone.Build.0 = Debug|Any CPU
		{93296814-F850-4F0E-9D02-080A8F0FF71B}.Ad-Hoc|iPhoneSimulator.ActiveCfg = Debug|Any CPU
		{93296814-F850-4F0E-9D02-080A8F0FF71B}.Ad-Hoc|iPhoneSimulator.Build.0 = Debug|Any CPU
		{93296814-F850-4F0E-9D02-080A8F0FF71B}.Ad-Hoc|x64.ActiveCfg = Debug|Any CPU
		{93296814-F850-4F0E-9D02-080A8F0FF71B}.Ad-Hoc|x64.Build.0 = Debug|Any CPU
		{93296814-F850-4F0E-9D02-080A8F0FF71B}.Ad-Hoc|x86.ActiveCfg = Debug|Any CPU
		{93296814-F850-4F0E-9D02-080A8F0FF71B}.Ad-Hoc|x86.Build.0 = Debug|Any CPU
		{93296814-F850-4F0E-9D02-080A8F0FF71B}.AppStore|Any CPU.ActiveCfg = Debug|Any CPU
		{93296814-F850-4F0E-9D02-080A8F0FF71B}.AppStore|Any CPU.Build.0 = Debug|Any CPU
		{93296814-F850-4F0E-9D02-080A8F0FF71B}.AppStore|ARM.ActiveCfg = Debug|Any CPU
		{93296814-F850-4F0E-9D02-080A8F0FF71B}.AppStore|ARM.Build.0 = Debug|Any CPU
		{93296814-F850-4F0E-9D02-080A8F0FF71B}.AppStore|iPhone.ActiveCfg = Debug|Any CPU
		{93296814-F850-4F0E-9D02-080A8F0FF71B}.AppStore|iPhone.Build.0 = Debug|Any CPU
		{93296814-F850-4F0E-9D02-080A8F0FF71B}.AppStore|iPhoneSimulator.ActiveCfg = Debug|Any CPU
		{93296814-F850-4F0E-9D02-080A8F0FF71B}.AppStore|iPhoneSimulator.Build.0 = Debug|Any CPU
		{93296814-F850-4F0E-9D02-080A8F0FF71B}.AppStore|x64.ActiveCfg = Debug|Any CPU
		{93296814-F850-4F0E-9D02-080A8F0FF71B}.AppStore|x64.Build.0 = Debug|Any CPU
		{93296814-F850-4F0E-9D02-080A8F0FF71B}.AppStore|x86.ActiveCfg = Debug|Any CPU
		{93296814-F850-4F0E-9D02-080A8F0FF71B}.AppStore|x86.Build.0 = Debug|Any CPU
		{93296814-F850-4F0E-9D02-080A8F0FF71B}.Debug|Any CPU.ActiveCfg = Debug|Any CPU
		{93296814-F850-4F0E-9D02-080A8F0FF71B}.Debug|Any CPU.Build.0 = Debug|Any CPU
		{93296814-F850-4F0E-9D02-080A8F0FF71B}.Debug|ARM.ActiveCfg = Debug|Any CPU
		{93296814-F850-4F0E-9D02-080A8F0FF71B}.Debug|ARM.Build.0 = Debug|Any CPU
		{93296814-F850-4F0E-9D02-080A8F0FF71B}.Debug|iPhone.ActiveCfg = Debug|Any CPU
		{93296814-F850-4F0E-9D02-080A8F0FF71B}.Debug|iPhone.Build.0 = Debug|Any CPU
		{93296814-F850-4F0E-9D02-080A8F0FF71B}.Debug|iPhoneSimulator.ActiveCfg = Debug|Any CPU
		{93296814-F850-4F0E-9D02-080A8F0FF71B}.Debug|iPhoneSimulator.Build.0 = Debug|Any CPU
		{93296814-F850-4F0E-9D02-080A8F0FF71B}.Debug|x64.ActiveCfg = Debug|Any CPU
		{93296814-F850-4F0E-9D02-080A8F0FF71B}.Debug|x64.Build.0 = Debug|Any CPU
		{93296814-F850-4F0E-9D02-080A8F0FF71B}.Debug|x86.ActiveCfg = Debug|Any CPU
		{93296814-F850-4F0E-9D02-080A8F0FF71B}.Debug|x86.Build.0 = Debug|Any CPU
		{93296814-F850-4F0E-9D02-080A8F0FF71B}.Release|Any CPU.ActiveCfg = Release|Any CPU
		{93296814-F850-4F0E-9D02-080A8F0FF71B}.Release|Any CPU.Build.0 = Release|Any CPU
		{93296814-F850-4F0E-9D02-080A8F0FF71B}.Release|ARM.ActiveCfg = Release|Any CPU
		{93296814-F850-4F0E-9D02-080A8F0FF71B}.Release|ARM.Build.0 = Release|Any CPU
		{93296814-F850-4F0E-9D02-080A8F0FF71B}.Release|iPhone.ActiveCfg = Release|Any CPU
		{93296814-F850-4F0E-9D02-080A8F0FF71B}.Release|iPhone.Build.0 = Release|Any CPU
		{93296814-F850-4F0E-9D02-080A8F0FF71B}.Release|iPhoneSimulator.ActiveCfg = Release|Any CPU
		{93296814-F850-4F0E-9D02-080A8F0FF71B}.Release|iPhoneSimulator.Build.0 = Release|Any CPU
		{93296814-F850-4F0E-9D02-080A8F0FF71B}.Release|x64.ActiveCfg = Release|Any CPU
		{93296814-F850-4F0E-9D02-080A8F0FF71B}.Release|x64.Build.0 = Release|Any CPU
		{93296814-F850-4F0E-9D02-080A8F0FF71B}.Release|x86.ActiveCfg = Release|Any CPU
		{93296814-F850-4F0E-9D02-080A8F0FF71B}.Release|x86.Build.0 = Release|Any CPU
	EndGlobalSection
	GlobalSection(SolutionProperties) = preSolution
		HideSolutionNode = FALSE
	EndGlobalSection
	GlobalSection(ExtensibilityGlobals) = postSolution
		SolutionGuid = {D36C1F57-3506-4BBC-A2A1-BCB2F67E7438}
	EndGlobalSection
EndGlobal
